
Microsoft Visual Studio Solution File, Format Version 12.00
# Visual Studio Version 17
VisualStudioVersion = 17.12.35527.113 d17.12
MinimumVisualStudioVersion = 10.0.40219.1
Project("{8BC9CEB8-8B4A-11D0-8D11-00A0C91BC942}") = "AskerMath.Android", "DarkEdif\AskerMath\AskerMath.Android.vcxproj", "{34C6929C-6D52-44FE-8BF3-8562BBAFE4F0}"
EndProject
Project("{8BC9CEB8-8B4A-11D0-8D11-00A0C91BC942}") = "AskerMath.iOS", "DarkEdif\AskerMath\AskerMath.iOS.vcxproj", "{2A45BFB1-6967-449D-BF07-B43A8EEBE2C7}"
EndProject
Project("{8BC9CEB8-8B4A-11D0-8D11-00A0C91BC942}") = "AskerMath.Mac", "DarkEdif\AskerMath\AskerMath.Mac.vcxproj", "{51E9EC8C-24DD-4AC0-AEF3-F7EF9C1CC24A}"
EndProject
Project("{8BC9CEB8-8B4A-11D0-8D11-00A0C91BC942}") = "AskerMath.Shared", "DarkEdif\AskerMath\AskerMath.Shared.vcxitems", "{F99EB776-E252-400C-A6B9-F59B35AEEB5E}"
EndProject
Project("{8BC9CEB8-8B4A-11D0-8D11-00A0C91BC942}") = "AskerMath.Windows", "DarkEdif\AskerMath\AskerMath.Windows.vcxproj", "{0783BE21-1042-43D4-88FD-CA4B47E6AC47}"
EndProject
Global
	GlobalSection(SolutionConfigurationPlatforms) = preSolution
		Debug Unicode|ARM = Debug Unicode|ARM
		Debug Unicode|ARM64 = Debug Unicode|ARM64
		Debug Unicode|x64 = Debug Unicode|x64
		Debug Unicode|x86 = Debug Unicode|x86
		Debug|ARM = Debug|ARM
		Debug|ARM64 = Debug|ARM64
		Debug|x64 = Debug|x64
		Debug|x86 = Debug|x86
		Edittime Unicode|ARM = Edittime Unicode|ARM
		Edittime Unicode|ARM64 = Edittime Unicode|ARM64
		Edittime Unicode|x64 = Edittime Unicode|x64
		Edittime Unicode|x86 = Edittime Unicode|x86
		Edittime|ARM = Edittime|ARM
		Edittime|ARM64 = Edittime|ARM64
		Edittime|x64 = Edittime|x64
		Edittime|x86 = Edittime|x86
		Runtime Unicode|ARM = Runtime Unicode|ARM
		Runtime Unicode|ARM64 = Runtime Unicode|ARM64
		Runtime Unicode|x64 = Runtime Unicode|x64
		Runtime Unicode|x86 = Runtime Unicode|x86
		Runtime|ARM = Runtime|ARM
		Runtime|ARM64 = Runtime|ARM64
		Runtime|x64 = Runtime|x64
		Runtime|x86 = Runtime|x86
	EndGlobalSection
	GlobalSection(ProjectConfigurationPlatforms) = postSolution
		{34C6929C-6D52-44FE-8BF3-8562BBAFE4F0}.Debug Unicode|ARM.ActiveCfg = Debug|ARM
		{34C6929C-6D52-44FE-8BF3-8562BBAFE4F0}.Debug Unicode|ARM.Build.0 = Debug|ARM
		{34C6929C-6D52-44FE-8BF3-8562BBAFE4F0}.Debug Unicode|ARM64.ActiveCfg = Debug|ARM64
		{34C6929C-6D52-44FE-8BF3-8562BBAFE4F0}.Debug Unicode|ARM64.Build.0 = Debug|ARM64
		{34C6929C-6D52-44FE-8BF3-8562BBAFE4F0}.Debug Unicode|x64.ActiveCfg = Debug|x64
		{34C6929C-6D52-44FE-8BF3-8562BBAFE4F0}.Debug Unicode|x64.Build.0 = Debug|x64
		{34C6929C-6D52-44FE-8BF3-8562BBAFE4F0}.Debug Unicode|x86.ActiveCfg = Debug|x86
		{34C6929C-6D52-44FE-8BF3-8562BBAFE4F0}.Debug Unicode|x86.Build.0 = Debug|x86
		{34C6929C-6D52-44FE-8BF3-8562BBAFE4F0}.Debug|ARM.ActiveCfg = Debug|ARM
		{34C6929C-6D52-44FE-8BF3-8562BBAFE4F0}.Debug|ARM.Build.0 = Debug|ARM
		{34C6929C-6D52-44FE-8BF3-8562BBAFE4F0}.Debug|ARM64.ActiveCfg = Debug|ARM64
		{34C6929C-6D52-44FE-8BF3-8562BBAFE4F0}.Debug|ARM64.Build.0 = Debug|ARM64
		{34C6929C-6D52-44FE-8BF3-8562BBAFE4F0}.Debug|x64.ActiveCfg = Debug|x64
		{34C6929C-6D52-44FE-8BF3-8562BBAFE4F0}.Debug|x64.Build.0 = Debug|x64
		{34C6929C-6D52-44FE-8BF3-8562BBAFE4F0}.Debug|x86.ActiveCfg = Debug|x86
		{34C6929C-6D52-44FE-8BF3-8562BBAFE4F0}.Debug|x86.Build.0 = Debug|x86
		{34C6929C-6D52-44FE-8BF3-8562BBAFE4F0}.Edittime Unicode|ARM.ActiveCfg = Runtime|ARM
		{34C6929C-6D52-44FE-8BF3-8562BBAFE4F0}.Edittime Unicode|ARM64.ActiveCfg = Runtime|ARM64
		{34C6929C-6D52-44FE-8BF3-8562BBAFE4F0}.Edittime Unicode|x64.ActiveCfg = Runtime|x64
		{34C6929C-6D52-44FE-8BF3-8562BBAFE4F0}.Edittime Unicode|x86.ActiveCfg = Runtime|x86
		{34C6929C-6D52-44FE-8BF3-8562BBAFE4F0}.Edittime|ARM.ActiveCfg = Runtime|ARM
		{34C6929C-6D52-44FE-8BF3-8562BBAFE4F0}.Edittime|ARM64.ActiveCfg = Runtime|ARM64
		{34C6929C-6D52-44FE-8BF3-8562BBAFE4F0}.Edittime|x64.ActiveCfg = Runtime|x64
		{34C6929C-6D52-44FE-8BF3-8562BBAFE4F0}.Edittime|x86.ActiveCfg = Runtime|x86
		{34C6929C-6D52-44FE-8BF3-8562BBAFE4F0}.Runtime Unicode|ARM.ActiveCfg = Runtime|ARM
		{34C6929C-6D52-44FE-8BF3-8562BBAFE4F0}.Runtime Unicode|ARM.Build.0 = Runtime|ARM
		{34C6929C-6D52-44FE-8BF3-8562BBAFE4F0}.Runtime Unicode|ARM64.ActiveCfg = Runtime|ARM64
		{34C6929C-6D52-44FE-8BF3-8562BBAFE4F0}.Runtime Unicode|ARM64.Build.0 = Runtime|ARM64
		{34C6929C-6D52-44FE-8BF3-8562BBAFE4F0}.Runtime Unicode|x64.ActiveCfg = Runtime|x64
		{34C6929C-6D52-44FE-8BF3-8562BBAFE4F0}.Runtime Unicode|x64.Build.0 = Runtime|x64
		{34C6929C-6D52-44FE-8BF3-8562BBAFE4F0}.Runtime Unicode|x86.ActiveCfg = Runtime|x86
		{34C6929C-6D52-44FE-8BF3-8562BBAFE4F0}.Runtime|ARM.ActiveCfg = Runtime|ARM
		{34C6929C-6D52-44FE-8BF3-8562BBAFE4F0}.Runtime|ARM.Build.0 = Runtime|ARM
		{34C6929C-6D52-44FE-8BF3-8562BBAFE4F0}.Runtime|ARM64.ActiveCfg = Runtime|ARM64
		{34C6929C-6D52-44FE-8BF3-8562BBAFE4F0}.Runtime|ARM64.Build.0 = Runtime|ARM64
		{34C6929C-6D52-44FE-8BF3-8562BBAFE4F0}.Runtime|x64.ActiveCfg = Runtime|x64
		{34C6929C-6D52-44FE-8BF3-8562BBAFE4F0}.Runtime|x64.Build.0 = Runtime|x64
		{34C6929C-6D52-44FE-8BF3-8562BBAFE4F0}.Runtime|x86.ActiveCfg = Runtime|x86
		{2A45BFB1-6967-449D-BF07-B43A8EEBE2C7}.Debug Unicode|ARM.ActiveCfg = Debug|ARM
		{2A45BFB1-6967-449D-BF07-B43A8EEBE2C7}.Debug Unicode|ARM.Build.0 = Debug|ARM
		{2A45BFB1-6967-449D-BF07-B43A8EEBE2C7}.Debug Unicode|ARM64.ActiveCfg = Debug|ARM64
		{2A45BFB1-6967-449D-BF07-B43A8EEBE2C7}.Debug Unicode|ARM64.Build.0 = Debug|ARM64
		{2A45BFB1-6967-449D-BF07-B43A8EEBE2C7}.Debug Unicode|x64.ActiveCfg = Debug|x64
		{2A45BFB1-6967-449D-BF07-B43A8EEBE2C7}.Debug Unicode|x64.Build.0 = Debug|x64
		{2A45BFB1-6967-449D-BF07-B43A8EEBE2C7}.Debug Unicode|x86.ActiveCfg = Debug|x86
		{2A45BFB1-6967-449D-BF07-B43A8EEBE2C7}.Debug Unicode|x86.Build.0 = Debug|x86
		{2A45BFB1-6967-449D-BF07-B43A8EEBE2C7}.Debug|ARM.ActiveCfg = Debug|ARM
		{2A45BFB1-6967-449D-BF07-B43A8EEBE2C7}.Debug|ARM.Build.0 = Debug|ARM
		{2A45BFB1-6967-449D-BF07-B43A8EEBE2C7}.Debug|ARM64.ActiveCfg = Debug|ARM64
		{2A45BFB1-6967-449D-BF07-B43A8EEBE2C7}.Debug|ARM64.Build.0 = Debug|ARM64
		{2A45BFB1-6967-449D-BF07-B43A8EEBE2C7}.Debug|x64.ActiveCfg = Debug|x64
		{2A45BFB1-6967-449D-BF07-B43A8EEBE2C7}.Debug|x64.Build.0 = Debug|x64
		{2A45BFB1-6967-449D-BF07-B43A8EEBE2C7}.Debug|x86.ActiveCfg = Debug|x86
		{2A45BFB1-6967-449D-BF07-B43A8EEBE2C7}.Debug|x86.Build.0 = Debug|x86
		{2A45BFB1-6967-449D-BF07-B43A8EEBE2C7}.Edittime Unicode|ARM.ActiveCfg = Runtime|ARM
		{2A45BFB1-6967-449D-BF07-B43A8EEBE2C7}.Edittime Unicode|ARM64.ActiveCfg = Runtime|ARM64
		{2A45BFB1-6967-449D-BF07-B43A8EEBE2C7}.Edittime Unicode|x64.ActiveCfg = Runtime|x64
		{2A45BFB1-6967-449D-BF07-B43A8EEBE2C7}.Edittime Unicode|x86.ActiveCfg = Runtime|x86
		{2A45BFB1-6967-449D-BF07-B43A8EEBE2C7}.Edittime|ARM.ActiveCfg = Runtime|ARM
		{2A45BFB1-6967-449D-BF07-B43A8EEBE2C7}.Edittime|ARM64.ActiveCfg = Runtime|ARM64
		{2A45BFB1-6967-449D-BF07-B43A8EEBE2C7}.Edittime|x64.ActiveCfg = Runtime|x64
		{2A45BFB1-6967-449D-BF07-B43A8EEBE2C7}.Edittime|x86.ActiveCfg = Runtime|x86
		{2A45BFB1-6967-449D-BF07-B43A8EEBE2C7}.Runtime Unicode|ARM.ActiveCfg = Runtime|ARM
		{2A45BFB1-6967-449D-BF07-B43A8EEBE2C7}.Runtime Unicode|ARM.Build.0 = Runtime|ARM
		{2A45BFB1-6967-449D-BF07-B43A8EEBE2C7}.Runtime Unicode|ARM64.ActiveCfg = Runtime|ARM64
		{2A45BFB1-6967-449D-BF07-B43A8EEBE2C7}.Runtime Unicode|ARM64.Build.0 = Runtime|ARM64
		{2A45BFB1-6967-449D-BF07-B43A8EEBE2C7}.Runtime Unicode|x64.ActiveCfg = Runtime|x64
		{2A45BFB1-6967-449D-BF07-B43A8EEBE2C7}.Runtime Unicode|x64.Build.0 = Runtime|x64
		{2A45BFB1-6967-449D-BF07-B43A8EEBE2C7}.Runtime Unicode|x86.ActiveCfg = Runtime|x86
		{2A45BFB1-6967-449D-BF07-B43A8EEBE2C7}.Runtime|ARM.ActiveCfg = Runtime|ARM
		{2A45BFB1-6967-449D-BF07-B43A8EEBE2C7}.Runtime|ARM.Build.0 = Runtime|ARM
		{2A45BFB1-6967-449D-BF07-B43A8EEBE2C7}.Runtime|ARM64.ActiveCfg = Runtime|ARM64
		{2A45BFB1-6967-449D-BF07-B43A8EEBE2C7}.Runtime|ARM64.Build.0 = Runtime|ARM64
		{2A45BFB1-6967-449D-BF07-B43A8EEBE2C7}.Runtime|x64.ActiveCfg = Runtime|x64
		{2A45BFB1-6967-449D-BF07-B43A8EEBE2C7}.Runtime|x64.Build.0 = Runtime|x64
		{2A45BFB1-6967-449D-BF07-B43A8EEBE2C7}.Runtime|x86.ActiveCfg = Runtime|x86
		{51E9EC8C-24DD-4AC0-AEF3-F7EF9C1CC24A}.Debug Unicode|ARM.ActiveCfg = Debug|ARM64
		{51E9EC8C-24DD-4AC0-AEF3-F7EF9C1CC24A}.Debug Unicode|ARM64.ActiveCfg = Debug|ARM64
		{51E9EC8C-24DD-4AC0-AEF3-F7EF9C1CC24A}.Debug Unicode|ARM64.Build.0 = Debug|ARM64
		{51E9EC8C-24DD-4AC0-AEF3-F7EF9C1CC24A}.Debug Unicode|x64.ActiveCfg = Debug|x64
		{51E9EC8C-24DD-4AC0-AEF3-F7EF9C1CC24A}.Debug Unicode|x64.Build.0 = Debug|x64
		{51E9EC8C-24DD-4AC0-AEF3-F7EF9C1CC24A}.Debug Unicode|x86.ActiveCfg = Debug|ARM64
		{51E9EC8C-24DD-4AC0-AEF3-F7EF9C1CC24A}.Debug|ARM.ActiveCfg = Debug|ARM64
		{51E9EC8C-24DD-4AC0-AEF3-F7EF9C1CC24A}.Debug|ARM64.ActiveCfg = Debug|ARM64
		{51E9EC8C-24DD-4AC0-AEF3-F7EF9C1CC24A}.Debug|ARM64.Build.0 = Debug|ARM64
		{51E9EC8C-24DD-4AC0-AEF3-F7EF9C1CC24A}.Debug|x64.ActiveCfg = Debug|x64
		{51E9EC8C-24DD-4AC0-AEF3-F7EF9C1CC24A}.Debug|x64.Build.0 = Debug|x64
		{51E9EC8C-24DD-4AC0-AEF3-F7EF9C1CC24A}.Debug|x86.ActiveCfg = Debug|ARM64
		{51E9EC8C-24DD-4AC0-AEF3-F7EF9C1CC24A}.Edittime Unicode|ARM.ActiveCfg = Runtime|ARM64
		{51E9EC8C-24DD-4AC0-AEF3-F7EF9C1CC24A}.Edittime Unicode|ARM64.ActiveCfg = Runtime|ARM64
		{51E9EC8C-24DD-4AC0-AEF3-F7EF9C1CC24A}.Edittime Unicode|x64.ActiveCfg = Runtime|x64
		{51E9EC8C-24DD-4AC0-AEF3-F7EF9C1CC24A}.Edittime Unicode|x86.ActiveCfg = Runtime|ARM64
		{51E9EC8C-24DD-4AC0-AEF3-F7EF9C1CC24A}.Edittime|ARM.ActiveCfg = Runtime|ARM64
		{51E9EC8C-24DD-4AC0-AEF3-F7EF9C1CC24A}.Edittime|ARM64.ActiveCfg = Runtime|ARM64
		{51E9EC8C-24DD-4AC0-AEF3-F7EF9C1CC24A}.Edittime|x64.ActiveCfg = Runtime|x64
		{51E9EC8C-24DD-4AC0-AEF3-F7EF9C1CC24A}.Edittime|x86.ActiveCfg = Runtime|ARM64
		{51E9EC8C-24DD-4AC0-AEF3-F7EF9C1CC24A}.Runtime Unicode|ARM.ActiveCfg = Runtime|ARM64
		{51E9EC8C-24DD-4AC0-AEF3-F7EF9C1CC24A}.Runtime Unicode|ARM64.ActiveCfg = Runtime|ARM64
		{51E9EC8C-24DD-4AC0-AEF3-F7EF9C1CC24A}.Runtime Unicode|ARM64.Build.0 = Runtime|ARM64
		{51E9EC8C-24DD-4AC0-AEF3-F7EF9C1CC24A}.Runtime Unicode|x64.ActiveCfg = Runtime|x64
		{51E9EC8C-24DD-4AC0-AEF3-F7EF9C1CC24A}.Runtime Unicode|x64.Build.0 = Runtime|x64
		{51E9EC8C-24DD-4AC0-AEF3-F7EF9C1CC24A}.Runtime Unicode|x86.ActiveCfg = Runtime|ARM64
		{51E9EC8C-24DD-4AC0-AEF3-F7EF9C1CC24A}.Runtime|ARM.ActiveCfg = Runtime|ARM64
		{51E9EC8C-24DD-4AC0-AEF3-F7EF9C1CC24A}.Runtime|ARM64.ActiveCfg = Runtime|ARM64
		{51E9EC8C-24DD-4AC0-AEF3-F7EF9C1CC24A}.Runtime|ARM64.Build.0 = Runtime|ARM64
		{51E9EC8C-24DD-4AC0-AEF3-F7EF9C1CC24A}.Runtime|x64.ActiveCfg = Runtime|x64
		{51E9EC8C-24DD-4AC0-AEF3-F7EF9C1CC24A}.Runtime|x64.Build.0 = Runtime|x64
		{51E9EC8C-24DD-4AC0-AEF3-F7EF9C1CC24A}.Runtime|x86.ActiveCfg = Runtime|ARM64
		{0783BE21-1042-43D4-88FD-CA4B47E6AC47}.Debug Unicode|ARM.ActiveCfg = Debug Unicode|Win32
		{0783BE21-1042-43D4-88FD-CA4B47E6AC47}.Debug Unicode|ARM64.ActiveCfg = Debug Unicode|Win32
		{0783BE21-1042-43D4-88FD-CA4B47E6AC47}.Debug Unicode|x64.ActiveCfg = Debug Unicode|Win32
		{0783BE21-1042-43D4-88FD-CA4B47E6AC47}.Debug Unicode|x86.ActiveCfg = Debug Unicode|Win32
		{0783BE21-1042-43D4-88FD-CA4B47E6AC47}.Debug Unicode|x86.Build.0 = Debug Unicode|Win32
		{0783BE21-1042-43D4-88FD-CA4B47E6AC47}.Debug|ARM.ActiveCfg = Debug|Win32
		{0783BE21-1042-43D4-88FD-CA4B47E6AC47}.Debug|ARM64.ActiveCfg = Debug|Win32
		{0783BE21-1042-43D4-88FD-CA4B47E6AC47}.Debug|x64.ActiveCfg = Debug|Win32
		{0783BE21-1042-43D4-88FD-CA4B47E6AC47}.Debug|x86.ActiveCfg = Debug|Win32
		{0783BE21-1042-43D4-88FD-CA4B47E6AC47}.Debug|x86.Build.0 = Debug|Win32
		{0783BE21-1042-43D4-88FD-CA4B47E6AC47}.Edittime Unicode|ARM.ActiveCfg = Edittime Unicode|Win32
		{0783BE21-1042-43D4-88FD-CA4B47E6AC47}.Edittime Unicode|ARM64.ActiveCfg = Edittime Unicode|Win32
		{0783BE21-1042-43D4-88FD-CA4B47E6AC47}.Edittime Unicode|x64.ActiveCfg = Edittime Unicode|Win32
		{0783BE21-1042-43D4-88FD-CA4B47E6AC47}.Edittime Unicode|x86.ActiveCfg = Edittime Unicode|Win32
		{0783BE21-1042-43D4-88FD-CA4B47E6AC47}.Edittime Unicode|x86.Build.0 = Edittime Unicode|Win32
		{0783BE21-1042-43D4-88FD-CA4B47E6AC47}.Edittime|ARM.ActiveCfg = Edittime|Win32
		{0783BE21-1042-43D4-88FD-CA4B47E6AC47}.Edittime|ARM64.ActiveCfg = Edittime|Win32
		{0783BE21-1042-43D4-88FD-CA4B47E6AC47}.Edittime|x64.ActiveCfg = Edittime|Win32
		{0783BE21-1042-43D4-88FD-CA4B47E6AC47}.Edittime|x86.ActiveCfg = Edittime|Win32
		{0783BE21-1042-43D4-88FD-CA4B47E6AC47}.Edittime|x86.Build.0 = Edittime|Win32
		{0783BE21-1042-43D4-88FD-CA4B47E6AC47}.Runtime Unicode|ARM.ActiveCfg = Runtime Unicode|Win32
		{0783BE21-1042-43D4-88FD-CA4B47E6AC47}.Runtime Unicode|ARM64.ActiveCfg = Runtime Unicode|Win32
		{0783BE21-1042-43D4-88FD-CA4B47E6AC47}.Runtime Unicode|x64.ActiveCfg = Runtime Unicode|Win32
		{0783BE21-1042-43D4-88FD-CA4B47E6AC47}.Runtime Unicode|x86.ActiveCfg = Runtime Unicode|Win32
		{0783BE21-1042-43D4-88FD-CA4B47E6AC47}.Runtime Unicode|x86.Build.0 = Runtime Unicode|Win32
		{0783BE21-1042-43D4-88FD-CA4B47E6AC47}.Runtime|ARM.ActiveCfg = Runtime|Win32
		{0783BE21-1042-43D4-88FD-CA4B47E6AC47}.Runtime|ARM64.ActiveCfg = Runtime|Win32
		{0783BE21-1042-43D4-88FD-CA4B47E6AC47}.Runtime|x64.ActiveCfg = Runtime|Win32
		{0783BE21-1042-43D4-88FD-CA4B47E6AC47}.Runtime|x86.ActiveCfg = Runtime|Win32
		{0783BE21-1042-43D4-88FD-CA4B47E6AC47}.Runtime|x86.Build.0 = Runtime|Win32
	EndGlobalSection
	GlobalSection(SolutionProperties) = preSolution
		HideSolutionNode = FALSE
	EndGlobalSection
	GlobalSection(ExtensibilityGlobals) = postSolution
		SolutionGuid = {0F1CBC5B-24C0-401F-B793-F8422927B1EE}
	EndGlobalSection
	GlobalSection(SharedMSBuildProjectFiles) = preSolution
		DarkEdif\AskerMath\AskerMath.Shared.vcxitems*{0783be21-1042-43d4-88fd-ca4b47e6ac47}*SharedItemsImports = 4
		DarkEdif\AskerMath\AskerMath.Shared.vcxitems*{2a45bfb1-6967-449d-bf07-b43a8eebe2c7}*SharedItemsImports = 4
		DarkEdif\AskerMath\AskerMath.Shared.vcxitems*{34c6929c-6d52-44fe-8bf3-8562bbafe4f0}*SharedItemsImports = 4
		DarkEdif\AskerMath\AskerMath.Shared.vcxitems*{51e9ec8c-24dd-4ac0-aef3-f7ef9c1cc24a}*SharedItemsImports = 4
		DarkEdif\AskerMath\AskerMath.Shared.vcxitems*{f99eb776-e252-400c-a6b9-f59b35aeeb5e}*SharedItemsImports = 9
		DarkEdif\AskerMath\AskerMath.Shared.vcxitems*{0783be21-1042-43d4-88fd-ca4b47e6ac47}*SharedItemImports = 4
		DarkEdif\AskerMath\AskerMath.Shared.vcxitems*{2a45bfb1-6967-449d-bf07-b43a8eebe2c7}*SharedItemImports = 4
		DarkEdif\AskerMath\AskerMath.Shared.vcxitems*{34c6929c-6d52-44fe-8bf3-8562bbafe4f0}*SharedItemImports = 4
		DarkEdif\AskerMath\AskerMath.Shared.vcxitems*{51e9ec8c-24dd-4ac0-aef3-f7ef9c1cc24a}*SharedItemImports = 4
		DarkEdif\AskerMath\AskerMath.Shared.vcxitems*{f99eb776-e252-400c-a6b9-f59b35aeeb5e}*SharedItemImports = 9
	EndGlobalSection
EndGlobal
